Microsoft Visual Studio Solution File, Format Version 8.00
Project("{8BC9CEB8-8B4A-11D0-8D11-00A0C91BC942}") = "cinvoke_java", "cinvoke_java.vcproj", "{97F1B27E-51EE-4FA0-B24C-9361F3132DAE}"
	ProjectSection(ProjectDependencies) = postProject
	EndProjectSection
EndProject
Global
	GlobalSection(SolutionConfiguration) = preSolution
		Debug = Debug
		Release = Release
	EndGlobalSection
	GlobalSection(ProjectConfiguration) = postSolution
		{97F1B27E-51EE-4FA0-B24C-9361F3132DAE}.Debug.ActiveCfg = Debug|Win32
		{97F1B27E-51EE-4FA0-B24C-9361F3132DAE}.Debug.Build.0 = Debug|Win32
		{97F1B27E-51EE-4FA0-B24C-9361F3132DAE}.Release.ActiveCfg = Release|Win32
		{97F1B27E-51EE-4FA0-B24C-9361F3132DAE}.Release.Build.0 = Release|Win32
	EndGlobalSection
	GlobalSection(ExtensibilityGlobals) = postSolution
	EndGlobalSection
	GlobalSection(ExtensibilityAddIns) = postSolution
	EndGlobalSection
EndGlobal
